
Microsoft Visual Studio Solution File, Format Version 12.00
# Visual Studio 15
VisualStudioVersion = 15.0.27130.2010
MinimumVisualStudioVersion = 10.0.40219.1
Project("{9A19103F-16F7-4668-BE54-9A1E7A4F7556}") = "MT.Extensions.Logging.MsSql", "MT.Extensions.Logging.MsSql\MT.Extensions.Logging.MsSql.csproj", "{3D2A7519-6BEB-4189-9489-9782A08BE6CC}"
EndProject
Project("{9A19103F-16F7-4668-BE54-9A1E7A4F7556}") = "SampleWebApp", "SampleWebApp\SampleWebApp.csproj", "{E86AB39C-ED8F-45EA-88F5-732D1C11F593}"
EndProject
Project("{9A19103F-16F7-4668-BE54-9A1E7A4F7556}") = "SampleWebAppNetFramework", "SampleWebAppNetFramework\SampleWebAppNetFramework.csproj", "{18539757-A203-486A-920F-7D0B0AD0E910}"
EndProject
Project("{2150E333-8FDC-42A3-9474-1A3956D46DE8}") = "Solution Items", "Solution Items", "{CDF09E40-B9BA-407A-9F16-F4036CA4DA2F}"
	ProjectSection(SolutionItems) = preProject
		README.md = README.md
	EndProjectSection
EndProject
Global
	GlobalSection(SolutionConfigurationPlatforms) = preSolution
		Debug|Any CPU = Debug|Any CPU
		Release|Any CPU = Release|Any CPU
	EndGlobalSection
	GlobalSection(ProjectConfigurationPlatforms) = postSolution
		{3D2A7519-6BEB-4189-9489-9782A08BE6CC}.Debug|Any CPU.ActiveCfg = Debug|Any CPU
		{3D2A7519-6BEB-4189-9489-9782A08BE6CC}.Debug|Any CPU.Build.0 = Debug|Any CPU
		{3D2A7519-6BEB-4189-9489-9782A08BE6CC}.Release|Any CPU.ActiveCfg = Release|Any CPU
		{3D2A7519-6BEB-4189-9489-9782A08BE6CC}.Release|Any CPU.Build.0 = Release|Any CPU
		{E86AB39C-ED8F-45EA-88F5-732D1C11F593}.Debug|Any CPU.ActiveCfg = Debug|Any CPU
		{E86AB39C-ED8F-45EA-88F5-732D1C11F593}.Debug|Any CPU.Build.0 = Debug|Any CPU
		{E86AB39C-ED8F-45EA-88F5-732D1C11F593}.Release|Any CPU.ActiveCfg = Release|Any CPU
		{E86AB39C-ED8F-45EA-88F5-732D1C11F593}.Release|Any CPU.Build.0 = Release|Any CPU
		{18539757-A203-486A-920F-7D0B0AD0E910}.Debug|Any CPU.ActiveCfg = Debug|Any CPU
		{18539757-A203-486A-920F-7D0B0AD0E910}.Debug|Any CPU.Build.0 = Debug|Any CPU
		{18539757-A203-486A-920F-7D0B0AD0E910}.Release|Any CPU.ActiveCfg = Release|Any CPU
		{18539757-A203-486A-920F-7D0B0AD0E910}.Release|Any CPU.Build.0 = Release|Any CPU
	EndGlobalSection
	GlobalSection(SolutionProperties) = preSolution
		HideSolutionNode = FALSE
	EndGlobalSection
	GlobalSection(ExtensibilityGlobals) = postSolution
		SolutionGuid = {DB8B0328-5CC5-4731-ACC4-04EE19DB1167}
	EndGlobalSection
	GlobalSection(CodealikeProperties) = postSolution
		SolutionGuid = a47da059-d01e-4cea-8fc1-a8e6b039c525
	EndGlobalSection
EndGlobal
